
Microsoft Visual Studio Solution File, Format Version 12.00
# Visual Studio 15
VisualStudioVersion = 15.0.28307.136
MinimumVisualStudioVersion = 10.0.40219.1
Project("{FAE04EC0-301F-11D3-BF4B-00C04F79EFBC}") = "NamedPipes", "NamedPipes\NamedPipes.csproj", "{17C2D156-09E5-4F90-B46C-61E5F3ABD4CB}"
EndProject
Global
	GlobalSection(SolutionConfigurationPlatforms) = preSolution
		Debug|Any CPU = Debug|Any CPU
		Release|Any CPU = Release|Any CPU
	EndGlobalSection
	GlobalSection(ProjectConfigurationPlatforms) = postSolution
		{17C2D156-09E5-4F90-B46C-61E5F3ABD4CB}.Debug|Any CPU.ActiveCfg = Debug|Any CPU
		{17C2D156-09E5-4F90-B46C-61E5F3ABD4CB}.Debug|Any CPU.Build.0 = Debug|Any CPU
		{17C2D156-09E5-4F90-B46C-61E5F3ABD4CB}.Release|Any CPU.ActiveCfg = Release|Any CPU
		{17C2D156-09E5-4F90-B46C-61E5F3ABD4CB}.Release|Any CPU.Build.0 = Release|Any CPU
	EndGlobalSection
	GlobalSection(SolutionProperties) = preSolution
		HideSolutionNode = FALSE
	EndGlobalSection
	GlobalSection(ExtensibilityGlobals) = postSolution
		SolutionGuid = {92E895AF-C39E-42D4-94B5-52E630DF8645}
	EndGlobalSection
EndGlobal
